{
    "_readme": [
        "This file locks the dependencies of your project to a known state",
        "Read more about it at https://getcomposer.org/doc/01-basic-usage.md#composer-lock-the-lock-file",
        "This file is @generated automatically"
    ],
    "hash": "f89b237dcda41b16463cbe21f8330642",
    "content-hash": "608c04d5a7e8a1df0dcca5edce3f4c52",
    "packages": [
        {
            "name": "eventviva/php-image-resize",
            "version": "1.5.5",
            "source": {
                "type": "git",
                "url": "https://github.com/eventviva/php-image-resize.git",
                "reference": "87e7200ad2e24beb9ec9862f6f2c11d93dee8838"
            },
            "dist": {
                "type": "zip",
                "url": "https://api.github.com/repos/eventviva/php-image-resize/zipball/87e7200ad2e24beb9ec9862f6f2c11d93dee8838",
                "reference": "87e7200ad2e24beb9ec9862f6f2c11d93dee8838",
                "shasum": ""
            },
            "require": {
                "ext-exif": "*",
                "ext-gd": "*",
                "php": ">=5.3.0"
            },
            "type": "library",
            "autoload": {
                "classmap": [
                    "src"
                ]
            },
            "notification-url": "https://packagist.org/downloads/",
            "license": [
                "MIT"
            ],
            "authors": [
                {
                    "name": "Aditya Patadia",
                    "homepage": "http://aditya.patadia.org/"
                }
            ],
            "description": "PHP class to re-size and scale images",
            "homepage": "https://github.com/eventviva/php-image-resize",
            "keywords": [
                "image",
                "php",
                "resize",
                "scale"
            ],
            "time": "2016-08-17 17:41:24"
        },
        {
            "name": "phpmailer/phpmailer",
            "version": "v5.2.16",
            "source": {
                "type": "git",
                "url": "https://github.com/PHPMailer/PHPMailer.git",
                "reference": "1d85f9ef3ecfc42bbc4f3c70d5e37ca9a65f629a"
            },
            "dist": {
                "type": "zip",
                "url": "https://api.github.com/repos/PHPMailer/PHPMailer/zipball/1d85f9ef3ecfc42bbc4f3c70d5e37ca9a65f629a",
                "reference": "1d85f9ef3ecfc42bbc4f3c70d5e37ca9a65f629a",
                "shasum": ""
            },
            "require": {
                "php": ">=5.0.0"
            },
            "require-dev": {
                "phpdocumentor/phpdocumentor": "*",
                "phpunit/phpunit": "4.7.*"
            },
            "suggest": {
                "league/oauth2-google": "Needed for Google XOAUTH2 authentication"
            },
            "type": "library",
            "autoload": {
                "classmap": [
                    "class.phpmailer.php",
                    "class.phpmaileroauth.php",
                    "class.phpmaileroauthgoogle.php",
                    "class.smtp.php",
                    "class.pop3.php",
                    "extras/EasyPeasyICS.php",
                    "extras/ntlm_sasl_client.php"
                ]
            },
            "notification-url": "https://packagist.org/downloads/",
            "license": [
                "LGPL-2.1"
            ],
            "authors": [
                {
                    "name": "Jim Jagielski",
                    "email": "jimjag@gmail.com"
                },
                {
                    "name": "Marcus Bointon",
                    "email": "phpmailer@synchromedia.co.uk"
                },
                {
                    "name": "Andy Prevost",
                    "email": "codeworxtech@users.sourceforge.net"
                },
                {
                    "name": "Brent R. Matzelle"
                }
            ],
            "description": "PHPMailer is a full-featured email creation and transfer class for PHP",
            "time": "2016-06-06 09:09:37"
        }
    ],
    "packages-dev": [],
    "aliases": [],
    "minimum-stability": "stable",
    "stability-flags": [],
    "prefer-stable": false,
    "prefer-lowest": false,
    "platform": [],
    "platform-dev": []
}
